// !$*UTF8*$!
{
	archiveVersion = 1;
	classes = {
	};
	objectVersion = 51;
	objects = {

/* Begin PBXBuildFile section */
		826E7F983CACC51094D26578 /* Pods_googleLoginTest.framework in Frameworks */ = {isa = PBXBuildFile; fileRef = 5175032029361DA92491AB2F /* Pods_googleLoginTest.framework */; };
		9BA2737425D28BD700D402E7 /* AppDelegate.swift in Sources */ = {isa = PBXBuildFile; fileRef = 9BA2737325D28BD700D402E7 /* AppDelegate.swift */; };
		9BA2737625D28BD700D402E7 /* SceneDelegate.swift in Sources */ = {isa = PBXBuildFile; fileRef = 9BA2737525D28BD700D402E7 /* SceneDelegate.swift */; };
		9BA2737825D28BD700D402E7 /* ViewController.swift in Sources */ = {isa = PBXBuildFile; fileRef = 9BA2737725D28BD700D402E7 /* ViewController.swift */; };
		9BA2737B25D28BD700D402E7 /* Main.storyboard in Resources */ = {isa = PBXBuildFile; fileRef = 9BA2737925D28BD700D402E7 /* Main.storyboard */; };
		9BA2737D25D28BDB00D402E7 /* Assets.xcassets in Resources */ = {isa = PBXBuildFile; fileRef = 9BA2737C25D28BDB00D402E7 /* Assets.xcassets */; };
		9BA2738025D28BDB00D402E7 /* LaunchScreen.storyboard in Resources */ = {isa = PBXBuildFile; fileRef = 9BA2737E25D28BDB00D402E7 /* LaunchScreen.storyboard */; };
/* End PBXBuildFile section */

/* Begin PBXFileReference section */
		196602BE05767C5CA1599430 /* Pods-googleLoginTest.debug.xcconfig */ = {isa = PBXFileReference; includeInIndex = 1; lastKnownFileType = text.xcconfig; name = "Pods-googleLoginTest.debug.xcconfig"; path = "Target Support Files/Pods-googleLoginTest/Pods-googleLoginTest.debug.xcconfig"; sourceTree = "<group>"; };
		2852090F47A51FF9D8A5A1A3 /* Pods-googleLoginTest.release.xcconfig */ = {isa = PBXFileReference; includeInIndex = 1; lastKnownFileType = text.xcconfig; name = "Pods-googleLoginTest.release.xcconfig"; path = "Target Support Files/Pods-googleLoginTest/Pods-googleLoginTest.release.xcconfig"; sourceTree = "<group>"; };
		5175032029361DA92491AB2F /* Pods_googleLoginTest.framework */ = {isa = PBXFileReference; explicitFileType = wrapper.framework; includeInIndex = 0; path = Pods_googleLoginTest.framework; sourceTree = BUILT_PRODUCTS_DIR; };
		9BA2737025D28BD700D402E7 /* googleLoginTest.app */ = {isa = PBXFileReference; explicitFileType = wrapper.application; includeInIndex = 0; path = googleLoginTest.app; sourceTree = BUILT_PRODUCTS_DIR; };
		9BA2737325D28BD700D402E7 /* AppDelegate.swift */ = {isa = PBXFileReference; lastKnownFileType = sourcecode.swift; path = AppDelegate.swift; sourceTree = "<group>"; };
		9BA2737525D28BD700D402E7 /* SceneDelegate.swift */ = {isa = PBXFileReference; lastKnownFileType = sourcecode.swift; path = SceneDelegate.swift; sourceTree = "<group>"; };
		9BA2737725D28BD700D402E7 /* ViewController.swift */ = {isa = PBXFileReference; lastKnownFileType = sourcecode.swift; path = ViewController.swift; sourceTree = "<group>"; };
		9BA2737A25D28BD700D402E7 /* Base */ = {isa = PBXFileReference; lastKnownFileType = file.storyboard; name = Base; path = Base.lproj/Main.storyboard; sourceTree = "<group>"; };
		9BA2737C25D28BDB00D402E7 /* Assets.xcassets */ = {isa = PBXFileReference; lastKnownFileType = folder.assetcatalog; path = Assets.xcassets; sourceTree = "<group>"; };
		9BA2737F25D28BDB00D402E7 /* Base */ = {isa = PBXFileReference; lastKnownFileType = file.storyboard; name = Base; path = Base.lproj/LaunchScreen.storyboard; sourceTree = "<group>"; };
		9BA2738125D28BDB00D402E7 /* Info.plist */ = {isa = PBXFileReference; lastKnownFileType = text.plist.xml; path = Info.plist; sourceTree = "<group>"; };
/* End PBXFileReference section */

/* Begin PBXFrameworksBuildPhase section */
		9BA2736D25D28BD700D402E7 /* Frameworks */ = {
			isa = PBXFrameworksBuildPhase;
			buildActionMask = 2147483647;
			files = (
				826E7F983CACC51094D26578 /* Pods_googleLoginTest.framework in Frameworks */,
			);
			runOnlyForDeploymentPostprocessing = 0;
		};
/* End PBXFrameworksBuildPhase section */

/* Begin PBXGroup section */
		16E901BC2D36BB4B825FCA7F /* Frameworks */ = {
			isa = PBXGroup;
			children = (
				5175032029361DA92491AB2F /* Pods_googleLoginTest.framework */,
			);
			name = Frameworks;
			sourceTree = "<group>";
		};
		45E9E7E277FBA4DA66109EFE /* Pods */ = {
			isa = PBXGroup;
			children = (
				196602BE05767C5CA1599430 /* Pods-googleLoginTest.debug.xcconfig */,
				2852090F47A51FF9D8A5A1A3 /* Pods-googleLoginTest.release.xcconfig */,
			);
			path = Pods;
			sourceTree = "<group>";
		};
		9BA2736725D28BD700D402E7 = {
			isa = PBXGroup;
			children = (
				9BA2737225D28BD700D402E7 /* googleLoginTest */,
				9BA2737125D28BD700D402E7 /* Products */,
				45E9E7E277FBA4DA66109EFE /* Pods */,
				16E901BC2D36BB4B825FCA7F /* Frameworks */,
			);
			sourceTree = "<group>";
		};
		9BA2737125D28BD700D402E7 /* Products */ = {
			isa = PBXGroup;
			children = (
				9BA2737025D28BD700D402E7 /* googleLoginTest.app */,
			);
			name = Products;
			sourceTree = "<group>";
		};
		9BA2737225D28BD700D402E7 /* googleLoginTest */ = {
			isa = PBXGroup;
			children = (
				9BA2737325D28BD700D402E7 /* AppDelegate.swift */,
				9BA2737525D28BD700D402E7 /* SceneDelegate.swift */,
				9BA2737725D28BD700D402E7 /* ViewController.swift */,
				9BA2737925D28BD700D402E7 /* Main.storyboard */,
				9BA2737C25D28BDB00D402E7 /* Assets.xcassets */,
				9BA2737E25D28BDB00D402E7 /* LaunchScreen.storyboard */,
				9BA2738125D28BDB00D402E7 /* Info.plist */,
			);
			path = googleLoginTest;
			sourceTree = "<group>";
		};
/* End PBXGroup section */

/* Begin PBXNativeTarget section */
		9BA2736F25D28BD700D402E7 /* googleLoginTest */ = {
			isa = PBXNativeTarget;
			buildConfigurationList = 9BA2738425D28BDB00D402E7 /* Build configuration list for PBXNativeTarget "googleLoginTest" */;
			buildPhases = (
				0B93DCEEACCB362D2E226D8C /* [CP] Check Pods Manifest.lock */,
				9BA2736C25D28BD700D402E7 /* Sources */,
				9BA2736D25D28BD700D402E7 /* Frameworks */,
				9BA2736E25D28BD700D402E7 /* Resources */,
				DC9DCC9F952997894D224E16 /* [CP] Embed Pods Frameworks */,
				0E7023030C17A95678B9CFAA /* [CP] Copy Pods Resources */,
			);
			buildRules = (
			);
			dependencies = (
			);
			name = googleLoginTest;
			productName = googleLoginTest;
			productReference = 9BA2737025D28BD700D402E7 /* googleLoginTest.app */;
			productType = "com.apple.product-type.application";
		};
/* End PBXNativeTarget section */

/* Begin PBXProject section */
		9BA2736825D28BD700D402E7 /* Project object */ = {
			isa = PBXProject;
			attributes = {
				LastSwiftUpdateCheck = 1220;
				LastUpgradeCheck = 1220;
				TargetAttributes = {
					9BA2736F25D28BD700D402E7 = {
						CreatedOnToolsVersion = 12.2;
					};
				};
			};
			buildConfigurationList = 9BA2736B25D28BD700D402E7 /* Build configuration list for PBXProject "googleLoginTest" */;
			compatibilityVersion = "Xcode 9.3";
			developmentRegion = en;
			hasScannedForEncodings = 0;
			knownRegions = (
				en,
				Base,
			);
			mainGroup = 9BA2736725D28BD700D402E7;
			productRefGroup = 9BA2737125D28BD700D402E7 /* Products */;
			projectDirPath = "";
			projectRoot = "";
			targets = (
				9BA2736F25D28BD700D402E7 /* googleLoginTest */,
			);
		};
/* End PBXProject section */

/* Begin PBXResourcesBuildPhase section */
		9BA2736E25D28BD700D402E7 /* Resources */ = {
			isa = PBXResourcesBuildPhase;
			buildActionMask = 2147483647;
			files = (
				9BA2738025D28BDB00D402E7 /* LaunchScreen.storyboard in Resources */,
				9BA2737D25D28BDB00D402E7 /* Assets.xcassets in Resources */,
				9BA2737B25D28BD700D402E7 /* Main.storyboard in Resources */,
			);
			runOnlyForDeploymentPostprocessing = 0;
		};
/* End PBXResourcesBuildPhase section */

/* Begin PBXShellScriptBuildPhase section */
		0B93DCEEACCB362D2E226D8C /* [CP] Check Pods Manifest.lock */ = {
			isa = PBXShellScriptBuildPhase;
			buildActionMask = 2147483647;
			files = (
			);
			inputFileListPaths = (
			);
			inputPaths = (
				"${PODS_PODFILE_DIR_PATH}/Podfile.lock",
				"${PODS_ROOT}/Manifest.lock",
			);
			name = "[CP] Check Pods Manifest.lock";
			outputFileListPaths = (
			);
			outputPaths = (
				"$(DERIVED_FILE_DIR)/Pods-googleLoginTest-checkManifestLockResult.txt",
			);
			runOnlyForDeploymentPostprocessing = 0;
			shellPath = /bin/sh;
			shellScript = "diff \"${PODS_PODFILE_DIR_PATH}/Podfile.lock\" \"${PODS_ROOT}/Manifest.lock\" > /dev/null\nif [ $? != 0 ] ; then\n    # print error to STDERR\n    echo \"error: The sandbox is not in sync with the Podfile.lock. Run 'pod install' or update your CocoaPods installation.\" >&2\n    exit 1\nfi\n# This output is used by Xcode 'outputs' to avoid re-running this script phase.\necho \"SUCCESS\" > \"${SCRIPT_OUTPUT_FILE_0}\"\n";
			showEnvVarsInLog = 0;
		};
		0E7023030C17A95678B9CFAA /* [CP] Copy Pods Resources */ = {
			isa = PBXShellScriptBuildPhase;
			buildActionMask = 2147483647;
			files = (
			);
			inputFileListPaths = (
				"${PODS_ROOT}/Target Support Files/Pods-googleLoginTest/Pods-googleLoginTest-resources-${CONFIGURATION}-input-files.xcfilelist",
			);
			name = "[CP] Copy Pods Resources";
			outputFileListPaths = (
				"${PODS_ROOT}/Target Support Files/Pods-googleLoginTest/Pods-googleLoginTest-resources-${CONFIGURATION}-output-files.xcfilelist",
			);
			runOnlyForDeploymentPostprocessing = 0;
			shellPath = /bin/sh;
			shellScript = "\"${PODS_ROOT}/Target Support Files/Pods-googleLoginTest/Pods-googleLoginTest-resources.sh\"\n";
			showEnvVarsInLog = 0;
		};
		DC9DCC9F952997894D224E16 /* [CP] Embed Pods Frameworks */ = {
			isa = PBXShellScriptBuildPhase;
			buildActionMask = 2147483647;
			files = (
			);
			inputFileListPaths = (
				"${PODS_ROOT}/Target Support Files/Pods-googleLoginTest/Pods-googleLoginTest-frameworks-${CONFIGURATION}-input-files.xcfilelist",
			);
			name = "[CP] Embed Pods Frameworks";
			outputFileListPaths = (
				"${PODS_ROOT}/Target Support Files/Pods-googleLoginTest/Pods-googleLoginTest-frameworks-${CONFIGURATION}-output-files.xcfilelist",
			);
			runOnlyForDeploymentPostprocessing = 0;
			shellPath = /bin/sh;
			shellScript = "\"${PODS_ROOT}/Target Support Files/Pods-googleLoginTest/Pods-googleLoginTest-frameworks.sh\"\n";
			showEnvVarsInLog = 0;
		};
/* End PBXShellScriptBuildPhase section */

/* Begin PBXSourcesBuildPhase section */
		9BA2736C25D28BD700D402E7 /* Sources */ = {
			isa = PBXSourcesBuildPhase;
			buildActionMask = 2147483647;
			files = (
				9BA2737825D28BD700D402E7 /* ViewController.swift in Sources */,
				9BA2737425D28BD700D402E7 /* AppDelegate.swift in Sources */,
				9BA2737625D28BD700D402E7 /* SceneDelegate.swift in Sources */,
			);
			runOnlyForDeploymentPostprocessing = 0;
		};
/* End PBXSourcesBuildPhase section */

/* Begin PBXVariantGroup section */
		9BA2737925D28BD700D402E7 /* Main.storyboard */ = {
			isa = PBXVariantGroup;
			children = (
				9BA2737A25D28BD700D402E7 /* Base */,
			);
			name = Main.storyboard;
			sourceTree = "<group>";
		};
		9BA2737E25D28BDB00D402E7 /* LaunchScreen.storyboard */ = {
			isa = PBXVariantGroup;
			children = (
				9BA2737F25D28BDB00D402E7 /* Base */,
			);
			name = LaunchScreen.storyboard;
			sourceTree = "<group>";
		};
/* End PBXVariantGroup section */

/* Begin XCBuildConfiguration section */
		9BA2738225D28BDB00D402E7 /* Debug */ = {
			isa = XCBuildConfiguration;
			buildSettings = {
				ALWAYS_SEARCH_USER_PATHS = NO;
				CLANG_ANALYZER_NONNULL = YES;
				CLANG_ANALYZER_NUMBER_OBJECT_CONVERSION = YES_AGGRESSIVE;
				CLANG_CXX_LANGUAGE_STANDARD = "gnu++14";
				CLANG_CXX_LIBRARY = "libc++";
				CLANG_ENABLE_MODULES = YES;
				CLANG_ENABLE_OBJC_ARC = YES;
				CLANG_ENABLE_OBJC_WEAK = YES;
				CLANG_WARN_BLOCK_CAPTURE_AUTORELEASING = YES;
				CLANG_WARN_BOOL_CONVERSION = YES;
				CLANG_WARN_COMMA = YES;
				CLANG_WARN_CONSTANT_CONVERSION = YES;
				CLANG_WARN_DEPRECATED_OBJC_IMPLEMENTATIONS = YES;
				CLANG_WARN_DIRECT_OBJC_ISA_USAGE = YES_ERROR;
				CLANG_WARN_DOCUMENTATION_COMMENTS = YES;
				CLANG_WARN_EMPTY_BODY = YES;
				CLANG_WARN_ENUM_CONVERSION = YES;
				CLANG_WARN_INFINITE_RECURSION = YES;
				CLANG_WARN_INT_CONVERSION = YES;
				CLANG_WARN_NON_LITERAL_NULL_CONVERSION = YES;
				CLANG_WARN_OBJC_IMPLICIT_RETAIN_SELF = YES;
				CLANG_WARN_OBJC_LITERAL_CONVERSION = YES;
				CLANG_WARN_OBJC_ROOT_CLASS = YES_ERROR;
				CLANG_WARN_QUOTED_INCLUDE_IN_FRAMEWORK_HEADER = YES;
				CLANG_WARN_RANGE_LOOP_ANALYSIS = YES;
				CLANG_WARN_STRICT_PROTOTYPES = YES;
				CLANG_WARN_SUSPICIOUS_MOVE = YES;
				CLANG_WARN_UNGUARDED_AVAILABILITY = YES_AGGRESSIVE;
				CLANG_WARN_UNREACHABLE_CODE = YES;
				CLANG_WARN__DUPLICATE_METHOD_MATCH = YES;
				COPY_PHASE_STRIP = NO;
				DEBUG_INFORMATION_FORMAT = dwarf;
				ENABLE_STRICT_OBJC_MSGSEND = YES;
				ENABLE_TESTABILITY = YES;
				GCC_C_LANGUAGE_STANDARD = gnu11;
				GCC_DYNAMIC_NO_PIC = NO;
				GCC_NO_COMMON_BLOCKS = YES;
				GCC_OPTIMIZATION_LEVEL = 0;
				GCC_PREPROCESSOR_DEFINITIONS = (
					"DEBUG=1",
					"$(inherited)",
				);
				GCC_WARN_64_TO_32_BIT_CONVERSION = YES;
				GCC_WARN_ABOUT_RETURN_TYPE = YES_ERROR;
				GCC_WARN_UNDECLARED_SELECTOR = YES;
				GCC_WARN_UNINITIALIZED_AUTOS = YES_AGGRESSIVE;
				GCC_WARN_UNUSED_FUNCTION = YES;
				GCC_WARN_UNUSED_VARIABLE = YES;
				IPHONEOS_DEPLOYMENT_TARGET = 13.0;
				MTL_ENABLE_DEBUG_INFO = INCLUDE_SOURCE;
				MTL_FAST_MATH = YES;
				ONLY_ACTIVE_ARCH = YES;
				SDKROOT = iphoneos;
				SWIFT_ACTIVE_COMPILATION_CONDITIONS = DEBUG;
				SWIFT_OPTIMIZATION_LEVEL = "-Onone";
			};
			name = Debug;
		};
		9BA2738325D28BDB00D402E7 /* Release */ = {
			isa = XCBuildConfiguration;
			buildSettings = {
				ALWAYS_SEARCH_USER_PATHS = NO;
				CLANG_ANALYZER_NONNULL = YES;
				CLANG_ANALYZER_NUMBER_OBJECT_CONVERSION = YES_AGGRESSIVE;
				CLANG_CXX_LANGUAGE_STANDARD = "gnu++14";
				CLANG_CXX_LIBRARY = "libc++";
				CLANG_ENABLE_MODULES = YES;
				CLANG_ENABLE_OBJC_ARC = YES;
				CLANG_ENABLE_OBJC_WEAK = YES;
				CLANG_WARN_BLOCK_CAPTURE_AUTORELEASING = YES;
				CLANG_WARN_BOOL_CONVERSION = YES;
				CLANG_WARN_COMMA = YES;
				CLANG_WARN_CONSTANT_CONVERSION = YES;
				CLANG_WARN_DEPRECATED_OBJC_IMPLEMENTATIONS = YES;
				CLANG_WARN_DIRECT_OBJC_ISA_USAGE = YES_ERROR;
				CLANG_WARN_DOCUMENTATION_COMMENTS = YES;
				CLANG_WARN_EMPTY_BODY = YES;
				CLANG_WARN_ENUM_CONVERSION = YES;
				CLANG_WARN_INFINITE_RECURSION = YES;
				CLANG_WARN_INT_CONVERSION = YES;
				CLANG_WARN_NON_LITERAL_NULL_CONVERSION = YES;
				CLANG_WARN_OBJC_IMPLICIT_RETAIN_SELF = YES;
				CLANG_WARN_OBJC_LITERAL_CONVERSION = YES;
				CLANG_WARN_OBJC_ROOT_CLASS = YES_ERROR;
				CLANG_WARN_QUOTED_INCLUDE_IN_FRAMEWORK_HEADER = YES;
				CLANG_WARN_RANGE_LOOP_ANALYSIS = YES;
				CLANG_WARN_STRICT_PROTOTYPES = YES;
				CLANG_WARN_SUSPICIOUS_MOVE = YES;
				CLANG_WARN_UNGUARDED_AVAILABILITY = YES_AGGRESSIVE;
				CLANG_WARN_UNREACHABLE_CODE = YES;
				CLANG_WARN__DUPLICATE_METHOD_MATCH = YES;
				COPY_PHASE_STRIP = NO;
				DEBUG_INFORMATION_FORMAT = "dwarf-with-dsym";
				ENABLE_NS_ASSERTIONS = NO;
				ENABLE_STRICT_OBJC_MSGSEND = YES;
				GCC_C_LANGUAGE_STANDARD = gnu11;
				GCC_NO_COMMON_BLOCKS = YES;
				GCC_WARN_64_TO_32_BIT_CONVERSION = YES;
				GCC_WARN_ABOUT_RETURN_TYPE = YES_ERROR;
				GCC_WARN_UNDECLARED_SELECTOR = YES;
				GCC_WARN_UNINITIALIZED_AUTOS = YES_AGGRESSIVE;
				GCC_WARN_UNUSED_FUNCTION = YES;
				GCC_WARN_UNUSED_VARIABLE = YES;
				IPHONEOS_DEPLOYMENT_TARGET = 13.0;
				MTL_ENABLE_DEBUG_INFO = NO;
				MTL_FAST_MATH = YES;
				SDKROOT = iphoneos;
				SWIFT_COMPILATION_MODE = wholemodule;
				SWIFT_OPTIMIZATION_LEVEL = "-O";
				VALIDATE_PRODUCT = YES;
			};
			name = Release;
		};
		9BA2738525D28BDB00D402E7 /* Debug */ = {
			isa = XCBuildConfiguration;
			baseConfigurationReference = 196602BE05767C5CA1599430 /* Pods-googleLoginTest.debug.xcconfig */;
			buildSettings = {
				ASSETCATALOG_COMPILER_APPICON_NAME = AppIcon;
				ASSETCATALOG_COMPILER_GLOBAL_ACCENT_COLOR_NAME = AccentColor;
				CODE_SIGN_STYLE = Automatic;
				DEVELOPMENT_TEAM = DUQE66MABG;
				INFOPLIST_FILE = googleLoginTest/Info.plist;
				LD_RUNPATH_SEARCH_PATHS = (
					"$(inherited)",
					"@executable_path/Frameworks",
				);
				PRODUCT_BUNDLE_IDENTIFIER = com.xwoud.googleLoginTest;
				PRODUCT_NAME = "$(TARGET_NAME)";
				SWIFT_VERSION = 5.0;
				TARGETED_DEVICE_FAMILY = "1,2";
			};
			name = Debug;
		};
		9BA2738625D28BDB00D402E7 /* Release */ = {
			isa = XCBuildConfiguration;
			baseConfigurationReference = 2852090F47A51FF9D8A5A1A3 /* Pods-googleLoginTest.release.xcconfig */;
			buildSettings = {
				ASSETCATALOG_COMPILER_APPICON_NAME = AppIcon;
				ASSETCATALOG_COMPILER_GLOBAL_ACCENT_COLOR_NAME = AccentColor;
				CODE_SIGN_STYLE = Automatic;
				DEVELOPMENT_TEAM = DUQE66MABG;
				INFOPLIST_FILE = googleLoginTest/Info.plist;
				LD_RUNPATH_SEARCH_PATHS = (
					"$(inherited)",
					"@executable_path/Frameworks",
				);
				PRODUCT_BUNDLE_IDENTIFIER = com.xwoud.googleLoginTest;
				PRODUCT_NAME = "$(TARGET_NAME)";
				SWIFT_VERSION = 5.0;
				TARGETED_DEVICE_FAMILY = "1,2";
			};
			name = Release;
		};
/* End XCBuildConfiguration section */

/* Begin XCConfigurationList section */
		9BA2736B25D28BD700D402E7 /* Build configuration list for PBXProject "googleLoginTest" */ = {
			isa = XCConfigurationList;
			buildConfigurations = (
				9BA2738225D28BDB00D402E7 /* Debug */,
				9BA2738325D28BDB00D402E7 /* Release */,
			);
			defaultConfigurationIsVisible = 0;
			defaultConfigurationName = Release;
		};
		9BA2738425D28BDB00D402E7 /* Build configuration list for PBXNativeTarget "googleLoginTest" */ = {
			isa = XCConfigurationList;
			buildConfigurations = (
				9BA2738525D28BDB00D402E7 /* Debug */,
				9BA2738625D28BDB00D402E7 /* Release */,
			);
			defaultConfigurationIsVisible = 0;
			defaultConfigurationName = Release;
		};
/* End XCConfigurationList section */
	};
	rootObject = 9BA2736825D28BD700D402E7 /* Project object */;
}
