// !$*UTF8*$!
{
	archiveVersion = 1;
	classes = {
	};
	objectVersion = 51;
	objects = {

/* Begin PBXBuildFile section */
		9B8D969E25CA851E00774571 /* AppDelegate.swift in Sources */ = {isa = PBXBuildFile; fileRef = 9B8D969D25CA851E00774571 /* AppDelegate.swift */; };
		9B8D96A025CA851E00774571 /* SceneDelegate.swift in Sources */ = {isa = PBXBuildFile; fileRef = 9B8D969F25CA851E00774571 /* SceneDelegate.swift */; };
		9B8D96A225CA851E00774571 /* ViewController.swift in Sources */ = {isa = PBXBuildFile; fileRef = 9B8D96A125CA851E00774571 /* ViewController.swift */; };
		9B8D96A525CA851E00774571 /* Main.storyboard in Resources */ = {isa = PBXBuildFile; fileRef = 9B8D96A325CA851E00774571 /* Main.storyboard */; };
		9B8D96A725CA852100774571 /* Assets.xcassets in Resources */ = {isa = PBXBuildFile; fileRef = 9B8D96A625CA852100774571 /* Assets.xcassets */; };
		9B8D96AA25CA852100774571 /* LaunchScreen.storyboard in Resources */ = {isa = PBXBuildFile; fileRef = 9B8D96A825CA852100774571 /* LaunchScreen.storyboard */; };
		9B8D96B625CA861E00774571 /* Category.storyboard in Resources */ = {isa = PBXBuildFile; fileRef = 9B8D96B525CA861E00774571 /* Category.storyboard */; };
		9B8D96BE25CA8C2100774571 /* CategoryVC.swift in Sources */ = {isa = PBXBuildFile; fileRef = 9B8D96BD25CA8C2100774571 /* CategoryVC.swift */; };
		9B8D96C125CA8D4000774571 /* SearchTableViewCell.swift in Sources */ = {isa = PBXBuildFile; fileRef = 9B8D96C025CA8D4000774571 /* SearchTableViewCell.swift */; };
		9B8D96C425CA936500774571 /* SearchViewModel.swift in Sources */ = {isa = PBXBuildFile; fileRef = 9B8D96C325CA936500774571 /* SearchViewModel.swift */; };
		DFDFA6E43A75A17BB3C73908 /* Pods_rxSwiftTest.framework in Frameworks */ = {isa = PBXBuildFile; fileRef = 636EF5CB31FDFAF50184AE34 /* Pods_rxSwiftTest.framework */; };
/* End PBXBuildFile section */

/* Begin PBXFileReference section */
		0B02847014FF9414B47349D5 /* Pods-rxSwiftTest.debug.xcconfig */ = {isa = PBXFileReference; includeInIndex = 1; lastKnownFileType = text.xcconfig; name = "Pods-rxSwiftTest.debug.xcconfig"; path = "Target Support Files/Pods-rxSwiftTest/Pods-rxSwiftTest.debug.xcconfig"; sourceTree = "<group>"; };
		2C3180529B2C8D449F4EFBEA /* Pods-rxSwiftTest.release.xcconfig */ = {isa = PBXFileReference; includeInIndex = 1; lastKnownFileType = text.xcconfig; name = "Pods-rxSwiftTest.release.xcconfig"; path = "Target Support Files/Pods-rxSwiftTest/Pods-rxSwiftTest.release.xcconfig"; sourceTree = "<group>"; };
		636EF5CB31FDFAF50184AE34 /* Pods_rxSwiftTest.framework */ = {isa = PBXFileReference; explicitFileType = wrapper.framework; includeInIndex = 0; path = Pods_rxSwiftTest.framework; sourceTree = BUILT_PRODUCTS_DIR; };
		9B8D969A25CA851E00774571 /* rxSwiftTest.app */ = {isa = PBXFileReference; explicitFileType = wrapper.application; includeInIndex = 0; path = rxSwiftTest.app; sourceTree = BUILT_PRODUCTS_DIR; };
		9B8D969D25CA851E00774571 /* AppDelegate.swift */ = {isa = PBXFileReference; lastKnownFileType = sourcecode.swift; path = AppDelegate.swift; sourceTree = "<group>"; };
		9B8D969F25CA851E00774571 /* SceneDelegate.swift */ = {isa = PBXFileReference; lastKnownFileType = sourcecode.swift; path = SceneDelegate.swift; sourceTree = "<group>"; };
		9B8D96A125CA851E00774571 /* ViewController.swift */ = {isa = PBXFileReference; lastKnownFileType = sourcecode.swift; path = ViewController.swift; sourceTree = "<group>"; };
		9B8D96A425CA851E00774571 /* Base */ = {isa = PBXFileReference; lastKnownFileType = file.storyboard; name = Base; path = Base.lproj/Main.storyboard; sourceTree = "<group>"; };
		9B8D96A625CA852100774571 /* Assets.xcassets */ = {isa = PBXFileReference; lastKnownFileType = folder.assetcatalog; path = Assets.xcassets; sourceTree = "<group>"; };
		9B8D96A925CA852100774571 /* Base */ = {isa = PBXFileReference; lastKnownFileType = file.storyboard; name = Base; path = Base.lproj/LaunchScreen.storyboard; sourceTree = "<group>"; };
		9B8D96AB25CA852100774571 /* Info.plist */ = {isa = PBXFileReference; lastKnownFileType = text.plist.xml; path = Info.plist; sourceTree = "<group>"; };
		9B8D96B525CA861E00774571 /* Category.storyboard */ = {isa = PBXFileReference; lastKnownFileType = file.storyboard; path = Category.storyboard; sourceTree = "<group>"; };
		9B8D96BD25CA8C2100774571 /* CategoryVC.swift */ = {isa = PBXFileReference; lastKnownFileType = sourcecode.swift; path = CategoryVC.swift; sourceTree = "<group>"; };
		9B8D96C025CA8D4000774571 /* SearchTableViewCell.swift */ = {isa = PBXFileReference; lastKnownFileType = sourcecode.swift; path = SearchTableViewCell.swift; sourceTree = "<group>"; };
		9B8D96C325CA936500774571 /* SearchViewModel.swift */ = {isa = PBXFileReference; lastKnownFileType = sourcecode.swift; path = SearchViewModel.swift; sourceTree = "<group>"; };
/* End PBXFileReference section */

/* Begin PBXFrameworksBuildPhase section */
		9B8D969725CA851E00774571 /* Frameworks */ = {
			isa = PBXFrameworksBuildPhase;
			buildActionMask = 2147483647;
			files = (
				DFDFA6E43A75A17BB3C73908 /* Pods_rxSwiftTest.framework in Frameworks */,
			);
			runOnlyForDeploymentPostprocessing = 0;
		};
/* End PBXFrameworksBuildPhase section */

/* Begin PBXGroup section */
		52F932BBF457F168D73DF56F /* Frameworks */ = {
			isa = PBXGroup;
			children = (
				636EF5CB31FDFAF50184AE34 /* Pods_rxSwiftTest.framework */,
			);
			name = Frameworks;
			sourceTree = "<group>";
		};
		8E30C1ADA3E7A5961EEE04EB /* Pods */ = {
			isa = PBXGroup;
			children = (
				0B02847014FF9414B47349D5 /* Pods-rxSwiftTest.debug.xcconfig */,
				2C3180529B2C8D449F4EFBEA /* Pods-rxSwiftTest.release.xcconfig */,
			);
			path = Pods;
			sourceTree = "<group>";
		};
		9B8D969125CA851E00774571 = {
			isa = PBXGroup;
			children = (
				9B8D96B325CA860500774571 /* Category */,
				9B8D969C25CA851E00774571 /* rxSwiftTest */,
				9B8D969B25CA851E00774571 /* Products */,
				8E30C1ADA3E7A5961EEE04EB /* Pods */,
				52F932BBF457F168D73DF56F /* Frameworks */,
			);
			sourceTree = "<group>";
		};
		9B8D969B25CA851E00774571 /* Products */ = {
			isa = PBXGroup;
			children = (
				9B8D969A25CA851E00774571 /* rxSwiftTest.app */,
			);
			name = Products;
			sourceTree = "<group>";
		};
		9B8D969C25CA851E00774571 /* rxSwiftTest */ = {
			isa = PBXGroup;
			children = (
				9B8D969D25CA851E00774571 /* AppDelegate.swift */,
				9B8D969F25CA851E00774571 /* SceneDelegate.swift */,
				9B8D96A125CA851E00774571 /* ViewController.swift */,
				9B8D96A325CA851E00774571 /* Main.storyboard */,
				9B8D96A625CA852100774571 /* Assets.xcassets */,
				9B8D96A825CA852100774571 /* LaunchScreen.storyboard */,
				9B8D96AB25CA852100774571 /* Info.plist */,
			);
			path = rxSwiftTest;
			sourceTree = "<group>";
		};
		9B8D96B325CA860500774571 /* Category */ = {
			isa = PBXGroup;
			children = (
				9B8D96B525CA861E00774571 /* Category.storyboard */,
				9B8D96BD25CA8C2100774571 /* CategoryVC.swift */,
				9B8D96C025CA8D4000774571 /* SearchTableViewCell.swift */,
				9B8D96C325CA936500774571 /* SearchViewModel.swift */,
			);
			path = Category;
			sourceTree = "<group>";
		};
/* End PBXGroup section */

/* Begin PBXNativeTarget section */
		9B8D969925CA851E00774571 /* rxSwiftTest */ = {
			isa = PBXNativeTarget;
			buildConfigurationList = 9B8D96AE25CA852100774571 /* Build configuration list for PBXNativeTarget "rxSwiftTest" */;
			buildPhases = (
				2270B0332FC009C92D20951F /* [CP] Check Pods Manifest.lock */,
				9B8D969625CA851E00774571 /* Sources */,
				9B8D969725CA851E00774571 /* Frameworks */,
				9B8D969825CA851E00774571 /* Resources */,
				00AC2E06B761FE15A7941B0B /* [CP] Embed Pods Frameworks */,
			);
			buildRules = (
			);
			dependencies = (
			);
			name = rxSwiftTest;
			productName = rxSwiftTest;
			productReference = 9B8D969A25CA851E00774571 /* rxSwiftTest.app */;
			productType = "com.apple.product-type.application";
		};
/* End PBXNativeTarget section */

/* Begin PBXProject section */
		9B8D969225CA851E00774571 /* Project object */ = {
			isa = PBXProject;
			attributes = {
				LastSwiftUpdateCheck = 1220;
				LastUpgradeCheck = 1220;
				TargetAttributes = {
					9B8D969925CA851E00774571 = {
						CreatedOnToolsVersion = 12.2;
					};
				};
			};
			buildConfigurationList = 9B8D969525CA851E00774571 /* Build configuration list for PBXProject "rxSwiftTest" */;
			compatibilityVersion = "Xcode 9.3";
			developmentRegion = en;
			hasScannedForEncodings = 0;
			knownRegions = (
				en,
				Base,
			);
			mainGroup = 9B8D969125CA851E00774571;
			productRefGroup = 9B8D969B25CA851E00774571 /* Products */;
			projectDirPath = "";
			projectRoot = "";
			targets = (
				9B8D969925CA851E00774571 /* rxSwiftTest */,
			);
		};
/* End PBXProject section */

/* Begin PBXResourcesBuildPhase section */
		9B8D969825CA851E00774571 /* Resources */ = {
			isa = PBXResourcesBuildPhase;
			buildActionMask = 2147483647;
			files = (
				9B8D96B625CA861E00774571 /* Category.storyboard in Resources */,
				9B8D96AA25CA852100774571 /* LaunchScreen.storyboard in Resources */,
				9B8D96A725CA852100774571 /* Assets.xcassets in Resources */,
				9B8D96A525CA851E00774571 /* Main.storyboard in Resources */,
			);
			runOnlyForDeploymentPostprocessing = 0;
		};
/* End PBXResourcesBuildPhase section */

/* Begin PBXShellScriptBuildPhase section */
		00AC2E06B761FE15A7941B0B /* [CP] Embed Pods Frameworks */ = {
			isa = PBXShellScriptBuildPhase;
			buildActionMask = 2147483647;
			files = (
			);
			inputFileListPaths = (
				"${PODS_ROOT}/Target Support Files/Pods-rxSwiftTest/Pods-rxSwiftTest-frameworks-${CONFIGURATION}-input-files.xcfilelist",
			);
			name = "[CP] Embed Pods Frameworks";
			outputFileListPaths = (
				"${PODS_ROOT}/Target Support Files/Pods-rxSwiftTest/Pods-rxSwiftTest-frameworks-${CONFIGURATION}-output-files.xcfilelist",
			);
			runOnlyForDeploymentPostprocessing = 0;
			shellPath = /bin/sh;
			shellScript = "\"${PODS_ROOT}/Target Support Files/Pods-rxSwiftTest/Pods-rxSwiftTest-frameworks.sh\"\n";
			showEnvVarsInLog = 0;
		};
		2270B0332FC009C92D20951F /* [CP] Check Pods Manifest.lock */ = {
			isa = PBXShellScriptBuildPhase;
			buildActionMask = 2147483647;
			files = (
			);
			inputFileListPaths = (
			);
			inputPaths = (
				"${PODS_PODFILE_DIR_PATH}/Podfile.lock",
				"${PODS_ROOT}/Manifest.lock",
			);
			name = "[CP] Check Pods Manifest.lock";
			outputFileListPaths = (
			);
			outputPaths = (
				"$(DERIVED_FILE_DIR)/Pods-rxSwiftTest-checkManifestLockResult.txt",
			);
			runOnlyForDeploymentPostprocessing = 0;
			shellPath = /bin/sh;
			shellScript = "diff \"${PODS_PODFILE_DIR_PATH}/Podfile.lock\" \"${PODS_ROOT}/Manifest.lock\" > /dev/null\nif [ $? != 0 ] ; then\n    # print error to STDERR\n    echo \"error: The sandbox is not in sync with the Podfile.lock. Run 'pod install' or update your CocoaPods installation.\" >&2\n    exit 1\nfi\n# This output is used by Xcode 'outputs' to avoid re-running this script phase.\necho \"SUCCESS\" > \"${SCRIPT_OUTPUT_FILE_0}\"\n";
			showEnvVarsInLog = 0;
		};
/* End PBXShellScriptBuildPhase section */

/* Begin PBXSourcesBuildPhase section */
		9B8D969625CA851E00774571 /* Sources */ = {
			isa = PBXSourcesBuildPhase;
			buildActionMask = 2147483647;
			files = (
				9B8D96C425CA936500774571 /* SearchViewModel.swift in Sources */,
				9B8D96A225CA851E00774571 /* ViewController.swift in Sources */,
				9B8D969E25CA851E00774571 /* AppDelegate.swift in Sources */,
				9B8D96BE25CA8C2100774571 /* CategoryVC.swift in Sources */,
				9B8D96A025CA851E00774571 /* SceneDelegate.swift in Sources */,
				9B8D96C125CA8D4000774571 /* SearchTableViewCell.swift in Sources */,
			);
			runOnlyForDeploymentPostprocessing = 0;
		};
/* End PBXSourcesBuildPhase section */

/* Begin PBXVariantGroup section */
		9B8D96A325CA851E00774571 /* Main.storyboard */ = {
			isa = PBXVariantGroup;
			children = (
				9B8D96A425CA851E00774571 /* Base */,
			);
			name = Main.storyboard;
			sourceTree = "<group>";
		};
		9B8D96A825CA852100774571 /* LaunchScreen.storyboard */ = {
			isa = PBXVariantGroup;
			children = (
				9B8D96A925CA852100774571 /* Base */,
			);
			name = LaunchScreen.storyboard;
			sourceTree = "<group>";
		};
/* End PBXVariantGroup section */

/* Begin XCBuildConfiguration section */
		9B8D96AC25CA852100774571 /* Debug */ = {
			isa = XCBuildConfiguration;
			buildSettings = {
				ALWAYS_SEARCH_USER_PATHS = NO;
				CLANG_ANALYZER_NONNULL = YES;
				CLANG_ANALYZER_NUMBER_OBJECT_CONVERSION = YES_AGGRESSIVE;
				CLANG_CXX_LANGUAGE_STANDARD = "gnu++14";
				CLANG_CXX_LIBRARY = "libc++";
				CLANG_ENABLE_MODULES = YES;
				CLANG_ENABLE_OBJC_ARC = YES;
				CLANG_ENABLE_OBJC_WEAK = YES;
				CLANG_WARN_BLOCK_CAPTURE_AUTORELEASING = YES;
				CLANG_WARN_BOOL_CONVERSION = YES;
				CLANG_WARN_COMMA = YES;
				CLANG_WARN_CONSTANT_CONVERSION = YES;
				CLANG_WARN_DEPRECATED_OBJC_IMPLEMENTATIONS = YES;
				CLANG_WARN_DIRECT_OBJC_ISA_USAGE = YES_ERROR;
				CLANG_WARN_DOCUMENTATION_COMMENTS = YES;
				CLANG_WARN_EMPTY_BODY = YES;
				CLANG_WARN_ENUM_CONVERSION = YES;
				CLANG_WARN_INFINITE_RECURSION = YES;
				CLANG_WARN_INT_CONVERSION = YES;
				CLANG_WARN_NON_LITERAL_NULL_CONVERSION = YES;
				CLANG_WARN_OBJC_IMPLICIT_RETAIN_SELF = YES;
				CLANG_WARN_OBJC_LITERAL_CONVERSION = YES;
				CLANG_WARN_OBJC_ROOT_CLASS = YES_ERROR;
				CLANG_WARN_QUOTED_INCLUDE_IN_FRAMEWORK_HEADER = YES;
				CLANG_WARN_RANGE_LOOP_ANALYSIS = YES;
				CLANG_WARN_STRICT_PROTOTYPES = YES;
				CLANG_WARN_SUSPICIOUS_MOVE = YES;
				CLANG_WARN_UNGUARDED_AVAILABILITY = YES_AGGRESSIVE;
				CLANG_WARN_UNREACHABLE_CODE = YES;
				CLANG_WARN__DUPLICATE_METHOD_MATCH = YES;
				COPY_PHASE_STRIP = NO;
				DEBUG_INFORMATION_FORMAT = dwarf;
				ENABLE_STRICT_OBJC_MSGSEND = YES;
				ENABLE_TESTABILITY = YES;
				GCC_C_LANGUAGE_STANDARD = gnu11;
				GCC_DYNAMIC_NO_PIC = NO;
				GCC_NO_COMMON_BLOCKS = YES;
				GCC_OPTIMIZATION_LEVEL = 0;
				GCC_PREPROCESSOR_DEFINITIONS = (
					"DEBUG=1",
					"$(inherited)",
				);
				GCC_WARN_64_TO_32_BIT_CONVERSION = YES;
				GCC_WARN_ABOUT_RETURN_TYPE = YES_ERROR;
				GCC_WARN_UNDECLARED_SELECTOR = YES;
				GCC_WARN_UNINITIALIZED_AUTOS = YES_AGGRESSIVE;
				GCC_WARN_UNUSED_FUNCTION = YES;
				GCC_WARN_UNUSED_VARIABLE = YES;
				IPHONEOS_DEPLOYMENT_TARGET = 14.2;
				MTL_ENABLE_DEBUG_INFO = INCLUDE_SOURCE;
				MTL_FAST_MATH = YES;
				ONLY_ACTIVE_ARCH = YES;
				SDKROOT = iphoneos;
				SWIFT_ACTIVE_COMPILATION_CONDITIONS = DEBUG;
				SWIFT_OPTIMIZATION_LEVEL = "-Onone";
			};
			name = Debug;
		};
		9B8D96AD25CA852100774571 /* Release */ = {
			isa = XCBuildConfiguration;
			buildSettings = {
				ALWAYS_SEARCH_USER_PATHS = NO;
				CLANG_ANALYZER_NONNULL = YES;
				CLANG_ANALYZER_NUMBER_OBJECT_CONVERSION = YES_AGGRESSIVE;
				CLANG_CXX_LANGUAGE_STANDARD = "gnu++14";
				CLANG_CXX_LIBRARY = "libc++";
				CLANG_ENABLE_MODULES = YES;
				CLANG_ENABLE_OBJC_ARC = YES;
				CLANG_ENABLE_OBJC_WEAK = YES;
				CLANG_WARN_BLOCK_CAPTURE_AUTORELEASING = YES;
				CLANG_WARN_BOOL_CONVERSION = YES;
				CLANG_WARN_COMMA = YES;
				CLANG_WARN_CONSTANT_CONVERSION = YES;
				CLANG_WARN_DEPRECATED_OBJC_IMPLEMENTATIONS = YES;
				CLANG_WARN_DIRECT_OBJC_ISA_USAGE = YES_ERROR;
				CLANG_WARN_DOCUMENTATION_COMMENTS = YES;
				CLANG_WARN_EMPTY_BODY = YES;
				CLANG_WARN_ENUM_CONVERSION = YES;
				CLANG_WARN_INFINITE_RECURSION = YES;
				CLANG_WARN_INT_CONVERSION = YES;
				CLANG_WARN_NON_LITERAL_NULL_CONVERSION = YES;
				CLANG_WARN_OBJC_IMPLICIT_RETAIN_SELF = YES;
				CLANG_WARN_OBJC_LITERAL_CONVERSION = YES;
				CLANG_WARN_OBJC_ROOT_CLASS = YES_ERROR;
				CLANG_WARN_QUOTED_INCLUDE_IN_FRAMEWORK_HEADER = YES;
				CLANG_WARN_RANGE_LOOP_ANALYSIS = YES;
				CLANG_WARN_STRICT_PROTOTYPES = YES;
				CLANG_WARN_SUSPICIOUS_MOVE = YES;
				CLANG_WARN_UNGUARDED_AVAILABILITY = YES_AGGRESSIVE;
				CLANG_WARN_UNREACHABLE_CODE = YES;
				CLANG_WARN__DUPLICATE_METHOD_MATCH = YES;
				COPY_PHASE_STRIP = NO;
				DEBUG_INFORMATION_FORMAT = "dwarf-with-dsym";
				ENABLE_NS_ASSERTIONS = NO;
				ENABLE_STRICT_OBJC_MSGSEND = YES;
				GCC_C_LANGUAGE_STANDARD = gnu11;
				GCC_NO_COMMON_BLOCKS = YES;
				GCC_WARN_64_TO_32_BIT_CONVERSION = YES;
				GCC_WARN_ABOUT_RETURN_TYPE = YES_ERROR;
				GCC_WARN_UNDECLARED_SELECTOR = YES;
				GCC_WARN_UNINITIALIZED_AUTOS = YES_AGGRESSIVE;
				GCC_WARN_UNUSED_FUNCTION = YES;
				GCC_WARN_UNUSED_VARIABLE = YES;
				IPHONEOS_DEPLOYMENT_TARGET = 14.2;
				MTL_ENABLE_DEBUG_INFO = NO;
				MTL_FAST_MATH = YES;
				SDKROOT = iphoneos;
				SWIFT_COMPILATION_MODE = wholemodule;
				SWIFT_OPTIMIZATION_LEVEL = "-O";
				VALIDATE_PRODUCT = YES;
			};
			name = Release;
		};
		9B8D96AF25CA852100774571 /* Debug */ = {
			isa = XCBuildConfiguration;
			baseConfigurationReference = 0B02847014FF9414B47349D5 /* Pods-rxSwiftTest.debug.xcconfig */;
			buildSettings = {
				ASSETCATALOG_COMPILER_APPICON_NAME = AppIcon;
				ASSETCATALOG_COMPILER_GLOBAL_ACCENT_COLOR_NAME = AccentColor;
				CODE_SIGN_STYLE = Automatic;
				DEVELOPMENT_TEAM = DUQE66MABG;
				INFOPLIST_FILE = rxSwiftTest/Info.plist;
				LD_RUNPATH_SEARCH_PATHS = (
					"$(inherited)",
					"@executable_path/Frameworks",
				);
				PRODUCT_BUNDLE_IDENTIFIER = com.xwoud.rxSwiftTest;
				PRODUCT_NAME = "$(TARGET_NAME)";
				SWIFT_VERSION = 5.0;
				TARGETED_DEVICE_FAMILY = "1,2";
			};
			name = Debug;
		};
		9B8D96B025CA852100774571 /* Release */ = {
			isa = XCBuildConfiguration;
			baseConfigurationReference = 2C3180529B2C8D449F4EFBEA /* Pods-rxSwiftTest.release.xcconfig */;
			buildSettings = {
				ASSETCATALOG_COMPILER_APPICON_NAME = AppIcon;
				ASSETCATALOG_COMPILER_GLOBAL_ACCENT_COLOR_NAME = AccentColor;
				CODE_SIGN_STYLE = Automatic;
				DEVELOPMENT_TEAM = DUQE66MABG;
				INFOPLIST_FILE = rxSwiftTest/Info.plist;
				LD_RUNPATH_SEARCH_PATHS = (
					"$(inherited)",
					"@executable_path/Frameworks",
				);
				PRODUCT_BUNDLE_IDENTIFIER = com.xwoud.rxSwiftTest;
				PRODUCT_NAME = "$(TARGET_NAME)";
				SWIFT_VERSION = 5.0;
				TARGETED_DEVICE_FAMILY = "1,2";
			};
			name = Release;
		};
/* End XCBuildConfiguration section */

/* Begin XCConfigurationList section */
		9B8D969525CA851E00774571 /* Build configuration list for PBXProject "rxSwiftTest" */ = {
			isa = XCConfigurationList;
			buildConfigurations = (
				9B8D96AC25CA852100774571 /* Debug */,
				9B8D96AD25CA852100774571 /* Release */,
			);
			defaultConfigurationIsVisible = 0;
			defaultConfigurationName = Release;
		};
		9B8D96AE25CA852100774571 /* Build configuration list for PBXNativeTarget "rxSwiftTest" */ = {
			isa = XCConfigurationList;
			buildConfigurations = (
				9B8D96AF25CA852100774571 /* Debug */,
				9B8D96B025CA852100774571 /* Release */,
			);
			defaultConfigurationIsVisible = 0;
			defaultConfigurationName = Release;
		};
/* End XCConfigurationList section */
	};
	rootObject = 9B8D969225CA851E00774571 /* Project object */;
}
